
Microsoft Visual Studio Solution File, Format Version 12.00
# Visual Studio Version 16
VisualStudioVersion = 16.0.29613.14
MinimumVisualStudioVersion = 10.0.40219.1
Project("{8BC9CEB8-8B4A-11D0-8D11-00A0C91BC942}") = "Chap02.App", "Chap02.App.vcxproj", "{D5932170-E875-46D6-911E-44BD6FF29277}"
EndProject
Project("{8BC9CEB8-8B4A-11D0-8D11-00A0C91BC942}") = "Chap03App", "..\Chapter03App\Chapter03App.vcxproj", "{0238A2E5-771D-4EC4-9DF4-EB5076070209}"
EndProject
Project("{8BC9CEB8-8B4A-11D0-8D11-00A0C91BC942}") = "Chap04App", "..\Chap04App\Chap04App.vcxproj", "{BAC9D409-0A7D-4B0D-A90B-3FAFE2E400DC}"
EndProject
Project("{8BC9CEB8-8B4A-11D0-8D11-00A0C91BC942}") = "Chap05App", "..\Chap05App\Chap05App.vcxproj", "{BC5D3EE9-70C2-4727-A607-71D450439267}"
EndProject
Project("{8BC9CEB8-8B4A-11D0-8D11-00A0C91BC942}") = "Chap06App", "..\Chap06App\Chap06App.vcxproj", "{A8DBB1F3-7EEC-41B0-941C-35794CAB4A7D}"
EndProject
Project("{8BC9CEB8-8B4A-11D0-8D11-00A0C91BC942}") = "Chap07App", "..\Chap07App\Chap07App.vcxproj", "{FEE0057A-A7A3-40A6-B06B-DCF904CC4335}"
EndProject
Project("{8BC9CEB8-8B4A-11D0-8D11-00A0C91BC942}") = "Chap07_again", "..\Chap07_again\Chap07_again.vcxproj", "{9B26E930-4E71-40AC-A7B8-ABD1E804E3B4}"
EndProject
Project("{8BC9CEB8-8B4A-11D0-8D11-00A0C91BC942}") = "Chap08App", "..\Chap08App\Chap08App.vcxproj", "{3D6636C4-1D88-4D3B-B8C2-986A197A4339}"
EndProject
Project("{8BC9CEB8-8B4A-11D0-8D11-00A0C91BC942}") = "Chap10App", "..\Chap10App\Chap10App.vcxproj", "{71BBA56E-A78A-41C0-86FF-10D71D08F9AE}"
EndProject
Project("{8BC9CEB8-8B4A-11D0-8D11-00A0C91BC942}") = "Chap11App", "..\Chap11App\Chap11App.vcxproj", "{4FABCE63-F046-4018-9BA3-F0F814BB83F5}"
EndProject
Project("{8BC9CEB8-8B4A-11D0-8D11-00A0C91BC942}") = "Mypractice0429", "..\Mypractice0429\Mypractice0429.vcxproj", "{D548DC09-1684-433A-903E-A57F974A54E0}"
EndProject
Global
	GlobalSection(SolutionConfigurationPlatforms) = preSolution
		Debug|x64 = Debug|x64
		Debug|x86 = Debug|x86
		Release|x64 = Release|x64
		Release|x86 = Release|x86
	EndGlobalSection
	GlobalSection(ProjectConfigurationPlatforms) = postSolution
		{D5932170-E875-46D6-911E-44BD6FF29277}.Debug|x64.ActiveCfg = Debug|x64
		{D5932170-E875-46D6-911E-44BD6FF29277}.Debug|x64.Build.0 = Debug|x64
		{D5932170-E875-46D6-911E-44BD6FF29277}.Debug|x86.ActiveCfg = Debug|Win32
		{D5932170-E875-46D6-911E-44BD6FF29277}.Debug|x86.Build.0 = Debug|Win32
		{D5932170-E875-46D6-911E-44BD6FF29277}.Release|x64.ActiveCfg = Release|x64
		{D5932170-E875-46D6-911E-44BD6FF29277}.Release|x64.Build.0 = Release|x64
		{D5932170-E875-46D6-911E-44BD6FF29277}.Release|x86.ActiveCfg = Release|Win32
		{D5932170-E875-46D6-911E-44BD6FF29277}.Release|x86.Build.0 = Release|Win32
		{0238A2E5-771D-4EC4-9DF4-EB5076070209}.Debug|x64.ActiveCfg = Debug|x64
		{0238A2E5-771D-4EC4-9DF4-EB5076070209}.Debug|x64.Build.0 = Debug|x64
		{0238A2E5-771D-4EC4-9DF4-EB5076070209}.Debug|x86.ActiveCfg = Debug|Win32
		{0238A2E5-771D-4EC4-9DF4-EB5076070209}.Debug|x86.Build.0 = Debug|Win32
		{0238A2E5-771D-4EC4-9DF4-EB5076070209}.Release|x64.ActiveCfg = Release|x64
		{0238A2E5-771D-4EC4-9DF4-EB5076070209}.Release|x64.Build.0 = Release|x64
		{0238A2E5-771D-4EC4-9DF4-EB5076070209}.Release|x86.ActiveCfg = Release|Win32
		{0238A2E5-771D-4EC4-9DF4-EB5076070209}.Release|x86.Build.0 = Release|Win32
		{BAC9D409-0A7D-4B0D-A90B-3FAFE2E400DC}.Debug|x64.ActiveCfg = Debug|x64
		{BAC9D409-0A7D-4B0D-A90B-3FAFE2E400DC}.Debug|x64.Build.0 = Debug|x64
		{BAC9D409-0A7D-4B0D-A90B-3FAFE2E400DC}.Debug|x86.ActiveCfg = Debug|Win32
		{BAC9D409-0A7D-4B0D-A90B-3FAFE2E400DC}.Debug|x86.Build.0 = Debug|Win32
		{BAC9D409-0A7D-4B0D-A90B-3FAFE2E400DC}.Release|x64.ActiveCfg = Release|x64
		{BAC9D409-0A7D-4B0D-A90B-3FAFE2E400DC}.Release|x64.Build.0 = Release|x64
		{BAC9D409-0A7D-4B0D-A90B-3FAFE2E400DC}.Release|x86.ActiveCfg = Release|Win32
		{BAC9D409-0A7D-4B0D-A90B-3FAFE2E400DC}.Release|x86.Build.0 = Release|Win32
		{BC5D3EE9-70C2-4727-A607-71D450439267}.Debug|x64.ActiveCfg = Debug|x64
		{BC5D3EE9-70C2-4727-A607-71D450439267}.Debug|x64.Build.0 = Debug|x64
		{BC5D3EE9-70C2-4727-A607-71D450439267}.Debug|x86.ActiveCfg = Debug|Win32
		{BC5D3EE9-70C2-4727-A607-71D450439267}.Debug|x86.Build.0 = Debug|Win32
		{BC5D3EE9-70C2-4727-A607-71D450439267}.Release|x64.ActiveCfg = Release|x64
		{BC5D3EE9-70C2-4727-A607-71D450439267}.Release|x64.Build.0 = Release|x64
		{BC5D3EE9-70C2-4727-A607-71D450439267}.Release|x86.ActiveCfg = Release|Win32
		{BC5D3EE9-70C2-4727-A607-71D450439267}.Release|x86.Build.0 = Release|Win32
		{A8DBB1F3-7EEC-41B0-941C-35794CAB4A7D}.Debug|x64.ActiveCfg = Debug|x64
		{A8DBB1F3-7EEC-41B0-941C-35794CAB4A7D}.Debug|x64.Build.0 = Debug|x64
		{A8DBB1F3-7EEC-41B0-941C-35794CAB4A7D}.Debug|x86.ActiveCfg = Debug|Win32
		{A8DBB1F3-7EEC-41B0-941C-35794CAB4A7D}.Debug|x86.Build.0 = Debug|Win32
		{A8DBB1F3-7EEC-41B0-941C-35794CAB4A7D}.Release|x64.ActiveCfg = Release|x64
		{A8DBB1F3-7EEC-41B0-941C-35794CAB4A7D}.Release|x64.Build.0 = Release|x64
		{A8DBB1F3-7EEC-41B0-941C-35794CAB4A7D}.Release|x86.ActiveCfg = Release|Win32
		{A8DBB1F3-7EEC-41B0-941C-35794CAB4A7D}.Release|x86.Build.0 = Release|Win32
		{FEE0057A-A7A3-40A6-B06B-DCF904CC4335}.Debug|x64.ActiveCfg = Debug|x64
		{FEE0057A-A7A3-40A6-B06B-DCF904CC4335}.Debug|x64.Build.0 = Debug|x64
		{FEE0057A-A7A3-40A6-B06B-DCF904CC4335}.Debug|x86.ActiveCfg = Debug|Win32
		{FEE0057A-A7A3-40A6-B06B-DCF904CC4335}.Debug|x86.Build.0 = Debug|Win32
		{FEE0057A-A7A3-40A6-B06B-DCF904CC4335}.Release|x64.ActiveCfg = Release|x64
		{FEE0057A-A7A3-40A6-B06B-DCF904CC4335}.Release|x64.Build.0 = Release|x64
		{FEE0057A-A7A3-40A6-B06B-DCF904CC4335}.Release|x86.ActiveCfg = Release|Win32
		{FEE0057A-A7A3-40A6-B06B-DCF904CC4335}.Release|x86.Build.0 = Release|Win32
		{9B26E930-4E71-40AC-A7B8-ABD1E804E3B4}.Debug|x64.ActiveCfg = Debug|x64
		{9B26E930-4E71-40AC-A7B8-ABD1E804E3B4}.Debug|x64.Build.0 = Debug|x64
		{9B26E930-4E71-40AC-A7B8-ABD1E804E3B4}.Debug|x86.ActiveCfg = Debug|Win32
		{9B26E930-4E71-40AC-A7B8-ABD1E804E3B4}.Debug|x86.Build.0 = Debug|Win32
		{9B26E930-4E71-40AC-A7B8-ABD1E804E3B4}.Release|x64.ActiveCfg = Release|x64
		{9B26E930-4E71-40AC-A7B8-ABD1E804E3B4}.Release|x64.Build.0 = Release|x64
		{9B26E930-4E71-40AC-A7B8-ABD1E804E3B4}.Release|x86.ActiveCfg = Release|Win32
		{9B26E930-4E71-40AC-A7B8-ABD1E804E3B4}.Release|x86.Build.0 = Release|Win32
		{3D6636C4-1D88-4D3B-B8C2-986A197A4339}.Debug|x64.ActiveCfg = Debug|x64
		{3D6636C4-1D88-4D3B-B8C2-986A197A4339}.Debug|x64.Build.0 = Debug|x64
		{3D6636C4-1D88-4D3B-B8C2-986A197A4339}.Debug|x86.ActiveCfg = Debug|Win32
		{3D6636C4-1D88-4D3B-B8C2-986A197A4339}.Debug|x86.Build.0 = Debug|Win32
		{3D6636C4-1D88-4D3B-B8C2-986A197A4339}.Release|x64.ActiveCfg = Release|x64
		{3D6636C4-1D88-4D3B-B8C2-986A197A4339}.Release|x64.Build.0 = Release|x64
		{3D6636C4-1D88-4D3B-B8C2-986A197A4339}.Release|x86.ActiveCfg = Release|Win32
		{3D6636C4-1D88-4D3B-B8C2-986A197A4339}.Release|x86.Build.0 = Release|Win32
		{71BBA56E-A78A-41C0-86FF-10D71D08F9AE}.Debug|x64.ActiveCfg = Debug|x64
		{71BBA56E-A78A-41C0-86FF-10D71D08F9AE}.Debug|x64.Build.0 = Debug|x64
		{71BBA56E-A78A-41C0-86FF-10D71D08F9AE}.Debug|x86.ActiveCfg = Debug|Win32
		{71BBA56E-A78A-41C0-86FF-10D71D08F9AE}.Debug|x86.Build.0 = Debug|Win32
		{71BBA56E-A78A-41C0-86FF-10D71D08F9AE}.Release|x64.ActiveCfg = Release|x64
		{71BBA56E-A78A-41C0-86FF-10D71D08F9AE}.Release|x64.Build.0 = Release|x64
		{71BBA56E-A78A-41C0-86FF-10D71D08F9AE}.Release|x86.ActiveCfg = Release|Win32
		{71BBA56E-A78A-41C0-86FF-10D71D08F9AE}.Release|x86.Build.0 = Release|Win32
		{4FABCE63-F046-4018-9BA3-F0F814BB83F5}.Debug|x64.ActiveCfg = Debug|x64
		{4FABCE63-F046-4018-9BA3-F0F814BB83F5}.Debug|x64.Build.0 = Debug|x64
		{4FABCE63-F046-4018-9BA3-F0F814BB83F5}.Debug|x86.ActiveCfg = Debug|Win32
		{4FABCE63-F046-4018-9BA3-F0F814BB83F5}.Debug|x86.Build.0 = Debug|Win32
		{4FABCE63-F046-4018-9BA3-F0F814BB83F5}.Release|x64.ActiveCfg = Release|x64
		{4FABCE63-F046-4018-9BA3-F0F814BB83F5}.Release|x64.Build.0 = Release|x64
		{4FABCE63-F046-4018-9BA3-F0F814BB83F5}.Release|x86.ActiveCfg = Release|Win32
		{4FABCE63-F046-4018-9BA3-F0F814BB83F5}.Release|x86.Build.0 = Release|Win32
		{D548DC09-1684-433A-903E-A57F974A54E0}.Debug|x64.ActiveCfg = Debug|x64
		{D548DC09-1684-433A-903E-A57F974A54E0}.Debug|x64.Build.0 = Debug|x64
		{D548DC09-1684-433A-903E-A57F974A54E0}.Debug|x86.ActiveCfg = Debug|Win32
		{D548DC09-1684-433A-903E-A57F974A54E0}.Debug|x86.Build.0 = Debug|Win32
		{D548DC09-1684-433A-903E-A57F974A54E0}.Release|x64.ActiveCfg = Release|x64
		{D548DC09-1684-433A-903E-A57F974A54E0}.Release|x64.Build.0 = Release|x64
		{D548DC09-1684-433A-903E-A57F974A54E0}.Release|x86.ActiveCfg = Release|Win32
		{D548DC09-1684-433A-903E-A57F974A54E0}.Release|x86.Build.0 = Release|Win32
	EndGlobalSection
	GlobalSection(SolutionProperties) = preSolution
		HideSolutionNode = FALSE
	EndGlobalSection
	GlobalSection(ExtensibilityGlobals) = postSolution
		SolutionGuid = {BB68AC19-8709-4A15-B3B3-3834C8A2187B}
	EndGlobalSection
EndGlobal
